{
    "name": "test-workspace",
    "lockfileVersion": 3,
    "requires": true,
    "packages": {
        "": {
            "name": "test-workspace",
            "dependencies": {
                "openai-api-mock": "^0.1.19"
            }
        },
        "node_modules/@faker-js/faker": {
            "version": "9.0.3",
            "resolved": "https://registry.npmjs.org/@faker-js/faker/-/faker-9.0.3.tgz",
            "integrity": "sha512-lWrrK4QNlFSU+13PL9jMbMKLJYXDFu3tQfayBsMXX7KL/GiQeqfB1CzHkqD5UHBUtPAuPo6XwGbMFNdVMZObRA==",
            "funding": [
                {
                    "type": "opencollective",
                    "url": "https://opencollective.com/fakerjs"
                }
            ],
            "engines": {
                "node": ">=18.0.0",
                "npm": ">=9.0.0"
            }
        },
        "node_modules/debug": {
            "version": "4.3.7",
            "resolved": "https://registry.npmjs.org/debug/-/debug-4.3.7.tgz",
            "integrity": "sha512-Er2nc/H7RrMXZBFCEim6TCmMk02Z8vLC2Rbi1KEBggpo0fS6l0S1nnapwmIi3yW/+GOJap1Krg4w0Hg80oCqgQ==",
            "dependencies": {
                "ms": "^2.1.3"
            },
            "engines": {
                "node": ">=6.0"
            },
            "peerDependenciesMeta": {
                "supports-color": {
                    "optional": true
                }
            }
        },
        "node_modules/json-stringify-safe": {
            "version": "5.0.1",
            "resolved": "https://registry.npmjs.org/json-stringify-safe/-/json-stringify-safe-5.0.1.tgz",
            "integrity": "sha512-ZClg6AaYvamvYEE82d3Iyd3vSSIjQ+odgjaTzRuO3s7toCdFKczob2i0zCh7JE8kWn17yvAWhUVxvqGwUalsRA=="
        },
        "node_modules/ms": {
            "version": "2.1.3",
            "resolved": "https://registry.npmjs.org/ms/-/ms-2.1.3.tgz",
            "integrity": "sha512-6FlzubTLZG3J2a/NVCAleEhjzq5oxgHyaCU9yYXvcLsvoVaHJq/s5xXI6/XXP6tz7R9xAOtHnSO/tXtF3WRTlA=="
        },
        "node_modules/nock": {
            "version": "13.5.5",
            "resolved": "https://registry.npmjs.org/nock/-/nock-13.5.5.tgz",
            "integrity": "sha512-XKYnqUrCwXC8DGG1xX4YH5yNIrlh9c065uaMZZHUoeUUINTOyt+x/G+ezYk0Ft6ExSREVIs+qBJDK503viTfFA==",
            "dependencies": {
                "debug": "^4.1.0",
                "json-stringify-safe": "^5.0.1",
                "propagate": "^2.0.0"
            },
            "engines": {
                "node": ">= 10.13"
            }
        },
        "node_modules/openai-api-mock": {
            "version": "0.1.19",
            "resolved": "https://registry.npmjs.org/openai-api-mock/-/openai-api-mock-0.1.19.tgz",
            "integrity": "sha512-px2AQDMUIbmfOvkmcREUURfWUYX8+Kh0K8294iJ5DY1gMthvU0bzauXpG28vNKsoQH6T3qwfAvaWTdOcx3H1Eg==",
            "dependencies": {
                "@faker-js/faker": "^9.0.0",
                "nock": "^13.5.4"
            }
        },
        "node_modules/propagate": {
            "version": "2.0.1",
            "resolved": "https://registry.npmjs.org/propagate/-/propagate-2.0.1.tgz",
            "integrity": "sha512-vGrhOavPSTz4QVNuBNdcNXePNdNMaO1xj9yBeH1ScQPjk/rhg9sSlCXPhMkFuaNNW/syTvYqsnbIJxMBfRbbag==",
            "engines": {
                "node": ">= 8"
            }
        }
    }
}
